
Microsoft Visual Studio Solution File, Format Version 12.00
# Visual Studio Version 17
VisualStudioVersion = 17.2.32602.215
MinimumVisualStudioVersion = 10.0.40219.1
Project("{FAE04EC0-301F-11D3-BF4B-00C04F79EFBC}") = "The_tin_dung", "The_tin_dung\The_tin_dung.csproj", "{0A81D5D3-8164-4686-B688-3F1E517E34F9}"
EndProject
Global
	GlobalSection(SolutionConfigurationPlatforms) = preSolution
		Debug|Any CPU = Debug|Any CPU
		Release|Any CPU = Release|Any CPU
	EndGlobalSection
	GlobalSection(ProjectConfigurationPlatforms) = postSolution
		{0A81D5D3-8164-4686-B688-3F1E517E34F9}.Debug|Any CPU.ActiveCfg = Debug|Any CPU
		{0A81D5D3-8164-4686-B688-3F1E517E34F9}.Debug|Any CPU.Build.0 = Debug|Any CPU
		{0A81D5D3-8164-4686-B688-3F1E517E34F9}.Release|Any CPU.ActiveCfg = Release|Any CPU
		{0A81D5D3-8164-4686-B688-3F1E517E34F9}.Release|Any CPU.Build.0 = Release|Any CPU
	EndGlobalSection
	GlobalSection(SolutionProperties) = preSolution
		HideSolutionNode = FALSE
	EndGlobalSection
	GlobalSection(ExtensibilityGlobals) = postSolution
		SolutionGuid = {24A43C26-ACA3-41C8-A772-42614B98E7ED}
	EndGlobalSection
EndGlobal
